
Microsoft Visual Studio Solution File, Format Version 12.00
# Visual Studio Version 16
VisualStudioVersion = 16.0.31205.134
MinimumVisualStudioVersion = 10.0.40219.1
Project("{FAE04EC0-301F-11D3-BF4B-00C04F79EFBC}") = "Micro Charts", "Micro Charts\Micro Charts\Micro Charts.csproj", "{AD8F86C4-A354-410D-9D9E-EB622B1B8B77}"
EndProject
Project("{FAE04EC0-301F-11D3-BF4B-00C04F79EFBC}") = "Micro Charts.Android", "Micro Charts\Micro Charts.Android\Micro Charts.Android.csproj", "{BC936092-86C8-4BEC-997A-C83AF9DAC7C3}"
EndProject
Global
	GlobalSection(SolutionConfigurationPlatforms) = preSolution
		Debug|Any CPU = Debug|Any CPU
		Release|Any CPU = Release|Any CPU
	EndGlobalSection
	GlobalSection(ProjectConfigurationPlatforms) = postSolution
		{AD8F86C4-A354-410D-9D9E-EB622B1B8B77}.Debug|Any CPU.ActiveCfg = Debug|Any CPU
		{AD8F86C4-A354-410D-9D9E-EB622B1B8B77}.Debug|Any CPU.Build.0 = Debug|Any CPU
		{AD8F86C4-A354-410D-9D9E-EB622B1B8B77}.Release|Any CPU.ActiveCfg = Release|Any CPU
		{AD8F86C4-A354-410D-9D9E-EB622B1B8B77}.Release|Any CPU.Build.0 = Release|Any CPU
		{BC936092-86C8-4BEC-997A-C83AF9DAC7C3}.Debug|Any CPU.ActiveCfg = Debug|Any CPU
		{BC936092-86C8-4BEC-997A-C83AF9DAC7C3}.Debug|Any CPU.Build.0 = Debug|Any CPU
		{BC936092-86C8-4BEC-997A-C83AF9DAC7C3}.Debug|Any CPU.Deploy.0 = Debug|Any CPU
		{BC936092-86C8-4BEC-997A-C83AF9DAC7C3}.Release|Any CPU.ActiveCfg = Release|Any CPU
		{BC936092-86C8-4BEC-997A-C83AF9DAC7C3}.Release|Any CPU.Build.0 = Release|Any CPU
		{BC936092-86C8-4BEC-997A-C83AF9DAC7C3}.Release|Any CPU.Deploy.0 = Release|Any CPU
	EndGlobalSection
	GlobalSection(SolutionProperties) = preSolution
		HideSolutionNode = FALSE
	EndGlobalSection
	GlobalSection(ExtensibilityGlobals) = postSolution
		SolutionGuid = {57FA523C-D833-4235-887A-51DFB26CBD79}
	EndGlobalSection
EndGlobal
