
Microsoft Visual Studio Solution File, Format Version 12.00
# Visual Studio Version 16
VisualStudioVersion = 16.0.30907.101
MinimumVisualStudioVersion = 10.0.40219.1
Project("{FAE04EC0-301F-11D3-BF4B-00C04F79EFBC}") = "StripePayment", "StripePayment\StripePayment\StripePayment.csproj", "{BEA4FD7A-43CC-4A3B-A0B9-93B9B616F973}"
EndProject
Project("{FAE04EC0-301F-11D3-BF4B-00C04F79EFBC}") = "StripePayment.Android", "StripePayment\StripePayment.Android\StripePayment.Android.csproj", "{B3CAE51E-BAFC-46D4-8FB3-BAD2015F2FBE}"
EndProject
Global
	GlobalSection(SolutionConfigurationPlatforms) = preSolution
		Debug|Any CPU = Debug|Any CPU
		Release|Any CPU = Release|Any CPU
	EndGlobalSection
	GlobalSection(ProjectConfigurationPlatforms) = postSolution
		{BEA4FD7A-43CC-4A3B-A0B9-93B9B616F973}.Debug|Any CPU.ActiveCfg = Debug|Any CPU
		{BEA4FD7A-43CC-4A3B-A0B9-93B9B616F973}.Debug|Any CPU.Build.0 = Debug|Any CPU
		{BEA4FD7A-43CC-4A3B-A0B9-93B9B616F973}.Release|Any CPU.ActiveCfg = Release|Any CPU
		{BEA4FD7A-43CC-4A3B-A0B9-93B9B616F973}.Release|Any CPU.Build.0 = Release|Any CPU
		{B3CAE51E-BAFC-46D4-8FB3-BAD2015F2FBE}.Debug|Any CPU.ActiveCfg = Debug|Any CPU
		{B3CAE51E-BAFC-46D4-8FB3-BAD2015F2FBE}.Debug|Any CPU.Build.0 = Debug|Any CPU
		{B3CAE51E-BAFC-46D4-8FB3-BAD2015F2FBE}.Debug|Any CPU.Deploy.0 = Debug|Any CPU
		{B3CAE51E-BAFC-46D4-8FB3-BAD2015F2FBE}.Release|Any CPU.ActiveCfg = Release|Any CPU
		{B3CAE51E-BAFC-46D4-8FB3-BAD2015F2FBE}.Release|Any CPU.Build.0 = Release|Any CPU
		{B3CAE51E-BAFC-46D4-8FB3-BAD2015F2FBE}.Release|Any CPU.Deploy.0 = Release|Any CPU
	EndGlobalSection
	GlobalSection(SolutionProperties) = preSolution
		HideSolutionNode = FALSE
	EndGlobalSection
	GlobalSection(ExtensibilityGlobals) = postSolution
		SolutionGuid = {8B16B659-B8E1-4699-A0E2-74050CE71CBB}
	EndGlobalSection
EndGlobal
