
Microsoft Visual Studio Solution File, Format Version 12.00
# Visual Studio Version 16
VisualStudioVersion = 16.0.30320.27
MinimumVisualStudioVersion = 10.0.40219.1
Project("{FAE04EC0-301F-11D3-BF4B-00C04F79EFBC}") = "Payment", "Payment\Payment\Payment.csproj", "{313A2B1B-F425-4EA8-B422-5F062E52AEC5}"
EndProject
Project("{FAE04EC0-301F-11D3-BF4B-00C04F79EFBC}") = "Payment.Android", "Payment\Payment.Android\Payment.Android.csproj", "{39B731CF-2887-44CC-B94C-22858A80341C}"
EndProject
Global
	GlobalSection(SolutionConfigurationPlatforms) = preSolution
		Debug|Any CPU = Debug|Any CPU
		Release|Any CPU = Release|Any CPU
	EndGlobalSection
	GlobalSection(ProjectConfigurationPlatforms) = postSolution
		{313A2B1B-F425-4EA8-B422-5F062E52AEC5}.Debug|Any CPU.ActiveCfg = Debug|Any CPU
		{313A2B1B-F425-4EA8-B422-5F062E52AEC5}.Debug|Any CPU.Build.0 = Debug|Any CPU
		{313A2B1B-F425-4EA8-B422-5F062E52AEC5}.Release|Any CPU.ActiveCfg = Release|Any CPU
		{313A2B1B-F425-4EA8-B422-5F062E52AEC5}.Release|Any CPU.Build.0 = Release|Any CPU
		{39B731CF-2887-44CC-B94C-22858A80341C}.Debug|Any CPU.ActiveCfg = Debug|Any CPU
		{39B731CF-2887-44CC-B94C-22858A80341C}.Debug|Any CPU.Build.0 = Debug|Any CPU
		{39B731CF-2887-44CC-B94C-22858A80341C}.Debug|Any CPU.Deploy.0 = Debug|Any CPU
		{39B731CF-2887-44CC-B94C-22858A80341C}.Release|Any CPU.ActiveCfg = Release|Any CPU
		{39B731CF-2887-44CC-B94C-22858A80341C}.Release|Any CPU.Build.0 = Release|Any CPU
		{39B731CF-2887-44CC-B94C-22858A80341C}.Release|Any CPU.Deploy.0 = Release|Any CPU
	EndGlobalSection
	GlobalSection(SolutionProperties) = preSolution
		HideSolutionNode = FALSE
	EndGlobalSection
	GlobalSection(ExtensibilityGlobals) = postSolution
		SolutionGuid = {9939B2FB-2A37-4E65-B8B5-F69806AD1B24}
	EndGlobalSection
EndGlobal
