
Microsoft Visual Studio Solution File, Format Version 12.00
# Visual Studio Version 16
VisualStudioVersion = 16.0.30320.27
MinimumVisualStudioVersion = 10.0.40219.1
Project("{FAE04EC0-301F-11D3-BF4B-00C04F79EFBC}") = "Multilingual", "Multilingual\Multilingual\Multilingual.csproj", "{B94776DC-C67F-4566-B1FF-98B678C01C9E}"
EndProject
Project("{FAE04EC0-301F-11D3-BF4B-00C04F79EFBC}") = "Multilingual.Android", "Multilingual\Multilingual.Android\Multilingual.Android.csproj", "{C4345B99-14EB-4420-A096-8817463CDC14}"
EndProject
Global
	GlobalSection(SolutionConfigurationPlatforms) = preSolution
		Debug|Any CPU = Debug|Any CPU
		Release|Any CPU = Release|Any CPU
	EndGlobalSection
	GlobalSection(ProjectConfigurationPlatforms) = postSolution
		{B94776DC-C67F-4566-B1FF-98B678C01C9E}.Debug|Any CPU.ActiveCfg = Debug|Any CPU
		{B94776DC-C67F-4566-B1FF-98B678C01C9E}.Debug|Any CPU.Build.0 = Debug|Any CPU
		{B94776DC-C67F-4566-B1FF-98B678C01C9E}.Release|Any CPU.ActiveCfg = Release|Any CPU
		{B94776DC-C67F-4566-B1FF-98B678C01C9E}.Release|Any CPU.Build.0 = Release|Any CPU
		{C4345B99-14EB-4420-A096-8817463CDC14}.Debug|Any CPU.ActiveCfg = Debug|Any CPU
		{C4345B99-14EB-4420-A096-8817463CDC14}.Debug|Any CPU.Build.0 = Debug|Any CPU
		{C4345B99-14EB-4420-A096-8817463CDC14}.Debug|Any CPU.Deploy.0 = Debug|Any CPU
		{C4345B99-14EB-4420-A096-8817463CDC14}.Release|Any CPU.ActiveCfg = Release|Any CPU
		{C4345B99-14EB-4420-A096-8817463CDC14}.Release|Any CPU.Build.0 = Release|Any CPU
		{C4345B99-14EB-4420-A096-8817463CDC14}.Release|Any CPU.Deploy.0 = Release|Any CPU
	EndGlobalSection
	GlobalSection(SolutionProperties) = preSolution
		HideSolutionNode = FALSE
	EndGlobalSection
	GlobalSection(ExtensibilityGlobals) = postSolution
		SolutionGuid = {53BFAA6D-4F24-4C5F-81A9-CF471DFBF528}
	EndGlobalSection
EndGlobal
