
Microsoft Visual Studio Solution File, Format Version 12.00
# Visual Studio Version 16
VisualStudioVersion = 16.0.30907.101
MinimumVisualStudioVersion = 10.0.40219.1
Project("{FAE04EC0-301F-11D3-BF4B-00C04F79EFBC}") = "Shopping.API", "Shopping.API\Shopping.API.csproj", "{04B1A9B0-5C00-4224-82CC-3BA313A622DD}"
EndProject
Global
	GlobalSection(SolutionConfigurationPlatforms) = preSolution
		Debug|Any CPU = Debug|Any CPU
		Release|Any CPU = Release|Any CPU
	EndGlobalSection
	GlobalSection(ProjectConfigurationPlatforms) = postSolution
		{04B1A9B0-5C00-4224-82CC-3BA313A622DD}.Debug|Any CPU.ActiveCfg = Debug|Any CPU
		{04B1A9B0-5C00-4224-82CC-3BA313A622DD}.Debug|Any CPU.Build.0 = Debug|Any CPU
		{04B1A9B0-5C00-4224-82CC-3BA313A622DD}.Release|Any CPU.ActiveCfg = Release|Any CPU
		{04B1A9B0-5C00-4224-82CC-3BA313A622DD}.Release|Any CPU.Build.0 = Release|Any CPU
	EndGlobalSection
	GlobalSection(SolutionProperties) = preSolution
		HideSolutionNode = FALSE
	EndGlobalSection
	GlobalSection(ExtensibilityGlobals) = postSolution
		SolutionGuid = {F3E6ED9E-4EF4-4F7A-9A44-E6F98528492A}
	EndGlobalSection
EndGlobal
