
Microsoft Visual Studio Solution File, Format Version 12.00
# Visual Studio Version 16
VisualStudioVersion = 16.0.30907.101
MinimumVisualStudioVersion = 10.0.40219.1
Project("{9A19103F-16F7-4668-BE54-9A1E7A4F7556}") = "ChatApp.WebAPI", "ChatApp.WebAPI\ChatApp.WebAPI.csproj", "{6F32D53F-472B-4E0A-81BA-6EC6C859F512}"
EndProject
Project("{9A19103F-16F7-4668-BE54-9A1E7A4F7556}") = "ChatApp.Models", "ChatApp.Models\ChatApp.Models.csproj", "{A4A5E7FE-2AC6-4D93-9DC5-6D46EEEF0555}"
EndProject
Project("{2150E333-8FDC-42A3-9474-1A3956D46DE8}") = "DAL", "DAL", "{DC83C93F-F0C1-4994-B38D-72F240BE7E66}"
EndProject
Project("{9A19103F-16F7-4668-BE54-9A1E7A4F7556}") = "ChatApp.DL", "ChatApp.DL\ChatApp.DL.csproj", "{214FDE19-5A2D-4CCF-9490-62C40F14ACDA}"
EndProject
Project("{9A19103F-16F7-4668-BE54-9A1E7A4F7556}") = "ChatApp.Repositories", "ChatApp.Repositories\ChatApp.Repositories.csproj", "{5D4D8807-A3EE-46AC-9076-4C494CB8A15B}"
EndProject
Project("{2150E333-8FDC-42A3-9474-1A3956D46DE8}") = "BAL", "BAL", "{C5D03EE7-E25B-4666-9057-D6E82D887F1F}"
EndProject
Project("{9A19103F-16F7-4668-BE54-9A1E7A4F7556}") = "ChatApp.Managers", "ChatApp.Managers\ChatApp.Managers.csproj", "{44AE94C7-E570-4141-AAC8-7FC4900A0C59}"
EndProject
Project("{2150E333-8FDC-42A3-9474-1A3956D46DE8}") = "Tools", "Tools", "{297625E2-BDAE-45F4-BBCA-BD9597CB9CAB}"
EndProject
Project("{FAE04EC0-301F-11D3-BF4B-00C04F79EFBC}") = "ChatApp.Tools", "ChatApp.Tools\ChatApp.Tools.csproj", "{E4AFB920-4977-4224-A9F2-6708E8F84007}"
EndProject
Global
	GlobalSection(SolutionConfigurationPlatforms) = preSolution
		Debug|Any CPU = Debug|Any CPU
		Release|Any CPU = Release|Any CPU
	EndGlobalSection
	GlobalSection(ProjectConfigurationPlatforms) = postSolution
		{6F32D53F-472B-4E0A-81BA-6EC6C859F512}.Debug|Any CPU.ActiveCfg = Debug|Any CPU
		{6F32D53F-472B-4E0A-81BA-6EC6C859F512}.Debug|Any CPU.Build.0 = Debug|Any CPU
		{6F32D53F-472B-4E0A-81BA-6EC6C859F512}.Release|Any CPU.ActiveCfg = Release|Any CPU
		{6F32D53F-472B-4E0A-81BA-6EC6C859F512}.Release|Any CPU.Build.0 = Release|Any CPU
		{A4A5E7FE-2AC6-4D93-9DC5-6D46EEEF0555}.Debug|Any CPU.ActiveCfg = Debug|Any CPU
		{A4A5E7FE-2AC6-4D93-9DC5-6D46EEEF0555}.Debug|Any CPU.Build.0 = Debug|Any CPU
		{A4A5E7FE-2AC6-4D93-9DC5-6D46EEEF0555}.Release|Any CPU.ActiveCfg = Release|Any CPU
		{A4A5E7FE-2AC6-4D93-9DC5-6D46EEEF0555}.Release|Any CPU.Build.0 = Release|Any CPU
		{214FDE19-5A2D-4CCF-9490-62C40F14ACDA}.Debug|Any CPU.ActiveCfg = Debug|Any CPU
		{214FDE19-5A2D-4CCF-9490-62C40F14ACDA}.Debug|Any CPU.Build.0 = Debug|Any CPU
		{214FDE19-5A2D-4CCF-9490-62C40F14ACDA}.Release|Any CPU.ActiveCfg = Release|Any CPU
		{214FDE19-5A2D-4CCF-9490-62C40F14ACDA}.Release|Any CPU.Build.0 = Release|Any CPU
		{5D4D8807-A3EE-46AC-9076-4C494CB8A15B}.Debug|Any CPU.ActiveCfg = Debug|Any CPU
		{5D4D8807-A3EE-46AC-9076-4C494CB8A15B}.Debug|Any CPU.Build.0 = Debug|Any CPU
		{5D4D8807-A3EE-46AC-9076-4C494CB8A15B}.Release|Any CPU.ActiveCfg = Release|Any CPU
		{5D4D8807-A3EE-46AC-9076-4C494CB8A15B}.Release|Any CPU.Build.0 = Release|Any CPU
		{44AE94C7-E570-4141-AAC8-7FC4900A0C59}.Debug|Any CPU.ActiveCfg = Debug|Any CPU
		{44AE94C7-E570-4141-AAC8-7FC4900A0C59}.Debug|Any CPU.Build.0 = Debug|Any CPU
		{44AE94C7-E570-4141-AAC8-7FC4900A0C59}.Release|Any CPU.ActiveCfg = Release|Any CPU
		{44AE94C7-E570-4141-AAC8-7FC4900A0C59}.Release|Any CPU.Build.0 = Release|Any CPU
		{E4AFB920-4977-4224-A9F2-6708E8F84007}.Debug|Any CPU.ActiveCfg = Debug|Any CPU
		{E4AFB920-4977-4224-A9F2-6708E8F84007}.Debug|Any CPU.Build.0 = Debug|Any CPU
		{E4AFB920-4977-4224-A9F2-6708E8F84007}.Release|Any CPU.ActiveCfg = Release|Any CPU
		{E4AFB920-4977-4224-A9F2-6708E8F84007}.Release|Any CPU.Build.0 = Release|Any CPU
	EndGlobalSection
	GlobalSection(SolutionProperties) = preSolution
		HideSolutionNode = FALSE
	EndGlobalSection
	GlobalSection(NestedProjects) = preSolution
		{A4A5E7FE-2AC6-4D93-9DC5-6D46EEEF0555} = {DC83C93F-F0C1-4994-B38D-72F240BE7E66}
		{214FDE19-5A2D-4CCF-9490-62C40F14ACDA} = {DC83C93F-F0C1-4994-B38D-72F240BE7E66}
		{5D4D8807-A3EE-46AC-9076-4C494CB8A15B} = {DC83C93F-F0C1-4994-B38D-72F240BE7E66}
		{44AE94C7-E570-4141-AAC8-7FC4900A0C59} = {C5D03EE7-E25B-4666-9057-D6E82D887F1F}
		{E4AFB920-4977-4224-A9F2-6708E8F84007} = {297625E2-BDAE-45F4-BBCA-BD9597CB9CAB}
	EndGlobalSection
	GlobalSection(ExtensibilityGlobals) = postSolution
		SolutionGuid = {80B7DD2E-76E1-493D-B591-6DAEB1706FCB}
	EndGlobalSection
EndGlobal
